// !$*UTF8*$!
{
	archiveVersion = 1;
	classes = {
	};
	objectVersion = 56;
	objects = {

/* Begin PBXBuildFile section */
		13DD022B3258645882B7E8C7 /* Pods_DVTWeatherApp.framework in Frameworks */ = {isa = PBXBuildFile; fileRef = 0FB09D7AD6D75015424AE006 /* Pods_DVTWeatherApp.framework */; };
		2DC6CAAAAEC639D047B3F98C /* Pods_DVTWeatherAppTests.framework in Frameworks */ = {isa = PBXBuildFile; fileRef = 5F6A7F60CEBEA6B551EF0594 /* Pods_DVTWeatherAppTests.framework */; };
		A92648FFA78DBE62AE3A94E8 /* Pods_DVTWeatherApp_DVTWeatherAppUITests.framework in Frameworks */ = {isa = PBXBuildFile; fileRef = A4E3FA9507A79EE9774FCAA7 /* Pods_DVTWeatherApp_DVTWeatherAppUITests.framework */; };
		ECC52F7C2C24A02000961D1C /* APIService.swift in Sources */ = {isa = PBXBuildFile; fileRef = ECC52F7B2C24A02000961D1C /* APIService.swift */; };
		ECC52F7E2C24A0E600961D1C /* CurrentWeatherView.swift in Sources */ = {isa = PBXBuildFile; fileRef = ECC52F7D2C24A0E600961D1C /* CurrentWeatherView.swift */; };
		ECC52F802C24A19200961D1C /* ColorSchemeManager.swift in Sources */ = {isa = PBXBuildFile; fileRef = ECC52F7F2C24A19200961D1C /* ColorSchemeManager.swift */; };
		ECC52F842C24A2CE00961D1C /* DailyForecastView.swift in Sources */ = {isa = PBXBuildFile; fileRef = ECC52F832C24A2CE00961D1C /* DailyForecastView.swift */; };
		ECC52F862C24A46A00961D1C /* DoubleExtension.swift in Sources */ = {isa = PBXBuildFile; fileRef = ECC52F852C24A46A00961D1C /* DoubleExtension.swift */; };
		ECC52F8A2C24A50000961D1C /* Formatters.swift in Sources */ = {isa = PBXBuildFile; fileRef = ECC52F892C24A50000961D1C /* Formatters.swift */; };
		ECC52F8C2C24A54300961D1C /* HourlyForecastView.swift in Sources */ = {isa = PBXBuildFile; fileRef = ECC52F8B2C24A54300961D1C /* HourlyForecastView.swift */; };
		ECC52F8E2C24A57100961D1C /* IndicatorsView.swift in Sources */ = {isa = PBXBuildFile; fileRef = ECC52F8D2C24A57100961D1C /* IndicatorsView.swift */; };
		ECC52F912C24A5AC00961D1C /* LoadingView.swift in Sources */ = {isa = PBXBuildFile; fileRef = ECC52F902C24A5AC00961D1C /* LoadingView.swift */; };
		ECC52F962C24A65C00961D1C /* SunriseView.swift in Sources */ = {isa = PBXBuildFile; fileRef = ECC52F952C24A65C00961D1C /* SunriseView.swift */; };
		ECC52F992C24AA2B00961D1C /* LoggingConfiguration.swift in Sources */ = {isa = PBXBuildFile; fileRef = ECC52F982C24AA2B00961D1C /* LoggingConfiguration.swift */; };
		ECC52F9D2C24AECF00961D1C /* DefaultResponseData.swift in Sources */ = {isa = PBXBuildFile; fileRef = ECC52F9C2C24AECF00961D1C /* DefaultResponseData.swift */; };
		ECC52F9F2C24B00C00961D1C /* ResponseData.swift in Sources */ = {isa = PBXBuildFile; fileRef = ECC52F9E2C24B00C00961D1C /* ResponseData.swift */; };
		ECC52FA12C24B04A00961D1C /* DefaultResponseData.json in Resources */ = {isa = PBXBuildFile; fileRef = ECC52F9B2C24AD8F00961D1C /* DefaultResponseData.json */; };
		ECC52FA32C24B3F000961D1C /* AppError.swift in Sources */ = {isa = PBXBuildFile; fileRef = ECC52FA22C24B3F000961D1C /* AppError.swift */; };
		ECC52FA52C24B46800961D1C /* DailyForecast.swift in Sources */ = {isa = PBXBuildFile; fileRef = ECC52FA42C24B46800961D1C /* DailyForecast.swift */; };
		ECF0C6132C1DA4EB0004D8B7 /* AppDelegate.swift in Sources */ = {isa = PBXBuildFile; fileRef = ECF0C6122C1DA4EB0004D8B7 /* AppDelegate.swift */; };
		ECF0C6152C1DA4EB0004D8B7 /* SceneDelegate.swift in Sources */ = {isa = PBXBuildFile; fileRef = ECF0C6142C1DA4EB0004D8B7 /* SceneDelegate.swift */; };
		ECF0C6172C1DA4EB0004D8B7 /* ViewController.swift in Sources */ = {isa = PBXBuildFile; fileRef = ECF0C6162C1DA4EB0004D8B7 /* ViewController.swift */; };
		ECF0C61A2C1DA4EB0004D8B7 /* Main.storyboard in Resources */ = {isa = PBXBuildFile; fileRef = ECF0C6182C1DA4EB0004D8B7 /* Main.storyboard */; };
		ECF0C61C2C1DA4ED0004D8B7 /* Assets.xcassets in Resources */ = {isa = PBXBuildFile; fileRef = ECF0C61B2C1DA4ED0004D8B7 /* Assets.xcassets */; };
		ECF0C61F2C1DA4ED0004D8B7 /* LaunchScreen.storyboard in Resources */ = {isa = PBXBuildFile; fileRef = ECF0C61D2C1DA4ED0004D8B7 /* LaunchScreen.storyboard */; };
		ECF0C62A2C1DA4ED0004D8B7 /* DVTWeatherAppTests.swift in Sources */ = {isa = PBXBuildFile; fileRef = ECF0C6292C1DA4ED0004D8B7 /* DVTWeatherAppTests.swift */; };
		ECF0C6342C1DA4ED0004D8B7 /* DVTWeatherAppUITests.swift in Sources */ = {isa = PBXBuildFile; fileRef = ECF0C6332C1DA4ED0004D8B7 /* DVTWeatherAppUITests.swift */; };
		ECF0C6362C1DA4ED0004D8B7 /* DVTWeatherAppUITestsLaunchTests.swift in Sources */ = {isa = PBXBuildFile; fileRef = ECF0C6352C1DA4ED0004D8B7 /* DVTWeatherAppUITestsLaunchTests.swift */; };
		ECF0C6492C1E520E0004D8B7 /* WeatherService.swift in Sources */ = {isa = PBXBuildFile; fileRef = ECF0C6482C1E520E0004D8B7 /* WeatherService.swift */; };
		ECF0C64F2C1E52B70004D8B7 /* WeatherViewModel.swift in Sources */ = {isa = PBXBuildFile; fileRef = ECF0C64E2C1E52B70004D8B7 /* WeatherViewModel.swift */; };
		ECF0C6512C1E52FE0004D8B7 /* WeatherView.swift in Sources */ = {isa = PBXBuildFile; fileRef = ECF0C6502C1E52FE0004D8B7 /* WeatherView.swift */; };
		ECF0C6532C1E533E0004D8B7 /* WeatherViewController.swift in Sources */ = {isa = PBXBuildFile; fileRef = ECF0C6522C1E533E0004D8B7 /* WeatherViewController.swift */; };
		ECF0C6552C1E53DF0004D8B7 /* MainTabBarController.swift in Sources */ = {isa = PBXBuildFile; fileRef = ECF0C6542C1E53DF0004D8B7 /* MainTabBarController.swift */; };
		ECF0C6582C1F4FDD0004D8B7 /* LocationManager.swift in Sources */ = {isa = PBXBuildFile; fileRef = ECF0C6572C1F4FDD0004D8B7 /* LocationManager.swift */; };
/* End PBXBuildFile section */

/* Begin PBXContainerItemProxy section */
		ECF0C6262C1DA4ED0004D8B7 /* PBXContainerItemProxy */ = {
			isa = PBXContainerItemProxy;
			containerPortal = ECF0C6072C1DA4EB0004D8B7 /* Project object */;
			proxyType = 1;
			remoteGlobalIDString = ECF0C60E2C1DA4EB0004D8B7;
			remoteInfo = DVTWeatherApp;
		};
		ECF0C6302C1DA4ED0004D8B7 /* PBXContainerItemProxy */ = {
			isa = PBXContainerItemProxy;
			containerPortal = ECF0C6072C1DA4EB0004D8B7 /* Project object */;
			proxyType = 1;
			remoteGlobalIDString = ECF0C60E2C1DA4EB0004D8B7;
			remoteInfo = DVTWeatherApp;
		};
/* End PBXContainerItemProxy section */

/* Begin PBXFileReference section */
		04FA01045DF38037B3BE9F10 /* Pods-DVTWeatherApp-DVTWeatherAppUITests.debug.xcconfig */ = {isa = PBXFileReference; includeInIndex = 1; lastKnownFileType = text.xcconfig; name = "Pods-DVTWeatherApp-DVTWeatherAppUITests.debug.xcconfig"; path = "Target Support Files/Pods-DVTWeatherApp-DVTWeatherAppUITests/Pods-DVTWeatherApp-DVTWeatherAppUITests.debug.xcconfig"; sourceTree = "<group>"; };
		0FB09D7AD6D75015424AE006 /* Pods_DVTWeatherApp.framework */ = {isa = PBXFileReference; explicitFileType = wrapper.framework; includeInIndex = 0; path = Pods_DVTWeatherApp.framework; sourceTree = BUILT_PRODUCTS_DIR; };
		20F36089E87A0A4287CB01F8 /* Pods-DVTWeatherAppTests.release.xcconfig */ = {isa = PBXFileReference; includeInIndex = 1; lastKnownFileType = text.xcconfig; name = "Pods-DVTWeatherAppTests.release.xcconfig"; path = "Target Support Files/Pods-DVTWeatherAppTests/Pods-DVTWeatherAppTests.release.xcconfig"; sourceTree = "<group>"; };
		5F6A7F60CEBEA6B551EF0594 /* Pods_DVTWeatherAppTests.framework */ = {isa = PBXFileReference; explicitFileType = wrapper.framework; includeInIndex = 0; path = Pods_DVTWeatherAppTests.framework; sourceTree = BUILT_PRODUCTS_DIR; };
		859785552991D417E370A5BF /* Pods-DVTWeatherAppTests.debug.xcconfig */ = {isa = PBXFileReference; includeInIndex = 1; lastKnownFileType = text.xcconfig; name = "Pods-DVTWeatherAppTests.debug.xcconfig"; path = "Target Support Files/Pods-DVTWeatherAppTests/Pods-DVTWeatherAppTests.debug.xcconfig"; sourceTree = "<group>"; };
		A4E3FA9507A79EE9774FCAA7 /* Pods_DVTWeatherApp_DVTWeatherAppUITests.framework */ = {isa = PBXFileReference; explicitFileType = wrapper.framework; includeInIndex = 0; path = Pods_DVTWeatherApp_DVTWeatherAppUITests.framework; sourceTree = BUILT_PRODUCTS_DIR; };
		D646440502B368AB761986DC /* Pods-DVTWeatherApp.release.xcconfig */ = {isa = PBXFileReference; includeInIndex = 1; lastKnownFileType = text.xcconfig; name = "Pods-DVTWeatherApp.release.xcconfig"; path = "Target Support Files/Pods-DVTWeatherApp/Pods-DVTWeatherApp.release.xcconfig"; sourceTree = "<group>"; };
		E80EC3C5C33178C35E10BB04 /* Pods-DVTWeatherApp.debug.xcconfig */ = {isa = PBXFileReference; includeInIndex = 1; lastKnownFileType = text.xcconfig; name = "Pods-DVTWeatherApp.debug.xcconfig"; path = "Target Support Files/Pods-DVTWeatherApp/Pods-DVTWeatherApp.debug.xcconfig"; sourceTree = "<group>"; };
		E960F80A287C0817856AE037 /* Pods-DVTWeatherApp-DVTWeatherAppUITests.release.xcconfig */ = {isa = PBXFileReference; includeInIndex = 1; lastKnownFileType = text.xcconfig; name = "Pods-DVTWeatherApp-DVTWeatherAppUITests.release.xcconfig"; path = "Target Support Files/Pods-DVTWeatherApp-DVTWeatherAppUITests/Pods-DVTWeatherApp-DVTWeatherAppUITests.release.xcconfig"; sourceTree = "<group>"; };
		ECC52F7B2C24A02000961D1C /* APIService.swift */ = {isa = PBXFileReference; lastKnownFileType = sourcecode.swift; path = APIService.swift; sourceTree = "<group>"; };
		ECC52F7D2C24A0E600961D1C /* CurrentWeatherView.swift */ = {isa = PBXFileReference; lastKnownFileType = sourcecode.swift; path = CurrentWeatherView.swift; sourceTree = "<group>"; };
		ECC52F7F2C24A19200961D1C /* ColorSchemeManager.swift */ = {isa = PBXFileReference; lastKnownFileType = sourcecode.swift; path = ColorSchemeManager.swift; sourceTree = "<group>"; };
		ECC52F832C24A2CE00961D1C /* DailyForecastView.swift */ = {isa = PBXFileReference; lastKnownFileType = sourcecode.swift; path = DailyForecastView.swift; sourceTree = "<group>"; };
		ECC52F852C24A46A00961D1C /* DoubleExtension.swift */ = {isa = PBXFileReference; lastKnownFileType = sourcecode.swift; name = DoubleExtension.swift; path = DVTWeatherApp/Extensions/DoubleExtension.swift; sourceTree = SOURCE_ROOT; };
		ECC52F892C24A50000961D1C /* Formatters.swift */ = {isa = PBXFileReference; lastKnownFileType = sourcecode.swift; path = Formatters.swift; sourceTree = "<group>"; };
		ECC52F8B2C24A54300961D1C /* HourlyForecastView.swift */ = {isa = PBXFileReference; lastKnownFileType = sourcecode.swift; path = HourlyForecastView.swift; sourceTree = "<group>"; };
		ECC52F8D2C24A57100961D1C /* IndicatorsView.swift */ = {isa = PBXFileReference; lastKnownFileType = sourcecode.swift; path = IndicatorsView.swift; sourceTree = "<group>"; };
		ECC52F902C24A5AC00961D1C /* LoadingView.swift */ = {isa = PBXFileReference; lastKnownFileType = sourcecode.swift; path = LoadingView.swift; sourceTree = "<group>"; };
		ECC52F952C24A65C00961D1C /* SunriseView.swift */ = {isa = PBXFileReference; lastKnownFileType = sourcecode.swift; path = SunriseView.swift; sourceTree = "<group>"; };
		ECC52F982C24AA2B00961D1C /* LoggingConfiguration.swift */ = {isa = PBXFileReference; lastKnownFileType = sourcecode.swift; path = LoggingConfiguration.swift; sourceTree = "<group>"; };
		ECC52F9B2C24AD8F00961D1C /* DefaultResponseData.json */ = {isa = PBXFileReference; lastKnownFileType = text.json; path = DefaultResponseData.json; sourceTree = "<group>"; };
		ECC52F9C2C24AECF00961D1C /* DefaultResponseData.swift */ = {isa = PBXFileReference; lastKnownFileType = sourcecode.swift; path = DefaultResponseData.swift; sourceTree = "<group>"; };
		ECC52F9E2C24B00C00961D1C /* ResponseData.swift */ = {isa = PBXFileReference; lastKnownFileType = sourcecode.swift; path = ResponseData.swift; sourceTree = "<group>"; };
		ECC52FA22C24B3F000961D1C /* AppError.swift */ = {isa = PBXFileReference; lastKnownFileType = sourcecode.swift; path = AppError.swift; sourceTree = "<group>"; };
		ECC52FA42C24B46800961D1C /* DailyForecast.swift */ = {isa = PBXFileReference; lastKnownFileType = sourcecode.swift; path = DailyForecast.swift; sourceTree = "<group>"; };
		ECF0C60F2C1DA4EB0004D8B7 /* DVTWeatherApp.app */ = {isa = PBXFileReference; explicitFileType = wrapper.application; includeInIndex = 0; path = DVTWeatherApp.app; sourceTree = BUILT_PRODUCTS_DIR; };
		ECF0C6122C1DA4EB0004D8B7 /* AppDelegate.swift */ = {isa = PBXFileReference; lastKnownFileType = sourcecode.swift; path = AppDelegate.swift; sourceTree = "<group>"; };
		ECF0C6142C1DA4EB0004D8B7 /* SceneDelegate.swift */ = {isa = PBXFileReference; lastKnownFileType = sourcecode.swift; path = SceneDelegate.swift; sourceTree = "<group>"; };
		ECF0C6162C1DA4EB0004D8B7 /* ViewController.swift */ = {isa = PBXFileReference; lastKnownFileType = sourcecode.swift; path = ViewController.swift; sourceTree = "<group>"; };
		ECF0C6192C1DA4EB0004D8B7 /* Base */ = {isa = PBXFileReference; lastKnownFileType = file.storyboard; name = Base; path = Base.lproj/Main.storyboard; sourceTree = "<group>"; };
		ECF0C61B2C1DA4ED0004D8B7 /* Assets.xcassets */ = {isa = PBXFileReference; lastKnownFileType = folder.assetcatalog; path = Assets.xcassets; sourceTree = "<group>"; };
		ECF0C61E2C1DA4ED0004D8B7 /* Base */ = {isa = PBXFileReference; lastKnownFileType = file.storyboard; name = Base; path = Base.lproj/LaunchScreen.storyboard; sourceTree = "<group>"; };
		ECF0C6202C1DA4ED0004D8B7 /* Info.plist */ = {isa = PBXFileReference; lastKnownFileType = text.plist.xml; path = Info.plist; sourceTree = "<group>"; };
		ECF0C6252C1DA4ED0004D8B7 /* DVTWeatherAppTests.xctest */ = {isa = PBXFileReference; explicitFileType = wrapper.cfbundle; includeInIndex = 0; path = DVTWeatherAppTests.xctest; sourceTree = BUILT_PRODUCTS_DIR; };
		ECF0C6292C1DA4ED0004D8B7 /* DVTWeatherAppTests.swift */ = {isa = PBXFileReference; lastKnownFileType = sourcecode.swift; path = DVTWeatherAppTests.swift; sourceTree = "<group>"; };
		ECF0C62F2C1DA4ED0004D8B7 /* DVTWeatherAppUITests.xctest */ = {isa = PBXFileReference; explicitFileType = wrapper.cfbundle; includeInIndex = 0; path = DVTWeatherAppUITests.xctest; sourceTree = BUILT_PRODUCTS_DIR; };
		ECF0C6332C1DA4ED0004D8B7 /* DVTWeatherAppUITests.swift */ = {isa = PBXFileReference; lastKnownFileType = sourcecode.swift; path = DVTWeatherAppUITests.swift; sourceTree = "<group>"; };
		ECF0C6352C1DA4ED0004D8B7 /* DVTWeatherAppUITestsLaunchTests.swift */ = {isa = PBXFileReference; lastKnownFileType = sourcecode.swift; path = DVTWeatherAppUITestsLaunchTests.swift; sourceTree = "<group>"; };
		ECF0C6482C1E520E0004D8B7 /* WeatherService.swift */ = {isa = PBXFileReference; lastKnownFileType = sourcecode.swift; path = WeatherService.swift; sourceTree = "<group>"; };
		ECF0C64E2C1E52B70004D8B7 /* WeatherViewModel.swift */ = {isa = PBXFileReference; lastKnownFileType = sourcecode.swift; path = WeatherViewModel.swift; sourceTree = "<group>"; };
		ECF0C6502C1E52FE0004D8B7 /* WeatherView.swift */ = {isa = PBXFileReference; lastKnownFileType = sourcecode.swift; path = WeatherView.swift; sourceTree = "<group>"; };
		ECF0C6522C1E533E0004D8B7 /* WeatherViewController.swift */ = {isa = PBXFileReference; lastKnownFileType = sourcecode.swift; path = WeatherViewController.swift; sourceTree = "<group>"; };
		ECF0C6542C1E53DF0004D8B7 /* MainTabBarController.swift */ = {isa = PBXFileReference; lastKnownFileType = sourcecode.swift; path = MainTabBarController.swift; sourceTree = "<group>"; };
		ECF0C6572C1F4FDD0004D8B7 /* LocationManager.swift */ = {isa = PBXFileReference; lastKnownFileType = sourcecode.swift; path = LocationManager.swift; sourceTree = "<group>"; };
/* End PBXFileReference section */

/* Begin PBXFrameworksBuildPhase section */
		ECF0C60C2C1DA4EB0004D8B7 /* Frameworks */ = {
			isa = PBXFrameworksBuildPhase;
			buildActionMask = 2147483647;
			files = (
				13DD022B3258645882B7E8C7 /* Pods_DVTWeatherApp.framework in Frameworks */,
			);
			runOnlyForDeploymentPostprocessing = 0;
		};
		ECF0C6222C1DA4ED0004D8B7 /* Frameworks */ = {
			isa = PBXFrameworksBuildPhase;
			buildActionMask = 2147483647;
			files = (
				2DC6CAAAAEC639D047B3F98C /* Pods_DVTWeatherAppTests.framework in Frameworks */,
			);
			runOnlyForDeploymentPostprocessing = 0;
		};
		ECF0C62C2C1DA4ED0004D8B7 /* Frameworks */ = {
			isa = PBXFrameworksBuildPhase;
			buildActionMask = 2147483647;
			files = (
				A92648FFA78DBE62AE3A94E8 /* Pods_DVTWeatherApp_DVTWeatherAppUITests.framework in Frameworks */,
			);
			runOnlyForDeploymentPostprocessing = 0;
		};
/* End PBXFrameworksBuildPhase section */

/* Begin PBXGroup section */
		72D2C02A0C9E17CF6C406CE7 /* Pods */ = {
			isa = PBXGroup;
			children = (
				E80EC3C5C33178C35E10BB04 /* Pods-DVTWeatherApp.debug.xcconfig */,
				D646440502B368AB761986DC /* Pods-DVTWeatherApp.release.xcconfig */,
				04FA01045DF38037B3BE9F10 /* Pods-DVTWeatherApp-DVTWeatherAppUITests.debug.xcconfig */,
				E960F80A287C0817856AE037 /* Pods-DVTWeatherApp-DVTWeatherAppUITests.release.xcconfig */,
				859785552991D417E370A5BF /* Pods-DVTWeatherAppTests.debug.xcconfig */,
				20F36089E87A0A4287CB01F8 /* Pods-DVTWeatherAppTests.release.xcconfig */,
			);
			path = Pods;
			sourceTree = "<group>";
		};
		928FC8A915ED4B51E5645F62 /* Frameworks */ = {
			isa = PBXGroup;
			children = (
				0FB09D7AD6D75015424AE006 /* Pods_DVTWeatherApp.framework */,
				A4E3FA9507A79EE9774FCAA7 /* Pods_DVTWeatherApp_DVTWeatherAppUITests.framework */,
				5F6A7F60CEBEA6B551EF0594 /* Pods_DVTWeatherAppTests.framework */,
			);
			name = Frameworks;
			sourceTree = "<group>";
		};
		ECC52F872C24A49E00961D1C /* Extensions */ = {
			isa = PBXGroup;
			children = (
				ECC52F852C24A46A00961D1C /* DoubleExtension.swift */,
			);
			path = Extensions;
			sourceTree = "<group>";
		};
		ECC52F882C24A4F600961D1C /* Utils */ = {
			isa = PBXGroup;
			children = (
				ECC52F892C24A50000961D1C /* Formatters.swift */,
			);
			path = Utils;
			sourceTree = "<group>";
		};
		ECC52F8F2C24A5A100961D1C /* Components */ = {
			isa = PBXGroup;
			children = (
				ECC52F902C24A5AC00961D1C /* LoadingView.swift */,
			);
			path = Components;
			sourceTree = "<group>";
		};
		ECC52F972C24AA1700961D1C /* Config */ = {
			isa = PBXGroup;
			children = (
				ECC52F982C24AA2B00961D1C /* LoggingConfiguration.swift */,
			);
			path = Config;
			sourceTree = "<group>";
		};
		ECC52F9A2C24AD6700961D1C /* Helpers */ = {
			isa = PBXGroup;
			children = (
				ECC52F9B2C24AD8F00961D1C /* DefaultResponseData.json */,
			);
			path = Helpers;
			sourceTree = "<group>";
		};
		ECC52FA62C24B60C00961D1C /* ViewControllers */ = {
			isa = PBXGroup;
			children = (
				ECF0C6522C1E533E0004D8B7 /* WeatherViewController.swift */,
				ECF0C6542C1E53DF0004D8B7 /* MainTabBarController.swift */,
			);
			path = ViewControllers;
			sourceTree = "<group>";
		};
		ECF0C6062C1DA4EB0004D8B7 = {
			isa = PBXGroup;
			children = (
				ECF0C6112C1DA4EB0004D8B7 /* DVTWeatherApp */,
				ECF0C6282C1DA4ED0004D8B7 /* DVTWeatherAppTests */,
				ECF0C6322C1DA4ED0004D8B7 /* DVTWeatherAppUITests */,
				ECF0C6102C1DA4EB0004D8B7 /* Products */,
				72D2C02A0C9E17CF6C406CE7 /* Pods */,
				928FC8A915ED4B51E5645F62 /* Frameworks */,
			);
			sourceTree = "<group>";
		};
		ECF0C6102C1DA4EB0004D8B7 /* Products */ = {
			isa = PBXGroup;
			children = (
				ECF0C60F2C1DA4EB0004D8B7 /* DVTWeatherApp.app */,
				ECF0C6252C1DA4ED0004D8B7 /* DVTWeatherAppTests.xctest */,
				ECF0C62F2C1DA4ED0004D8B7 /* DVTWeatherAppUITests.xctest */,
			);
			name = Products;
			sourceTree = "<group>";
		};
		ECF0C6112C1DA4EB0004D8B7 /* DVTWeatherApp */ = {
			isa = PBXGroup;
			children = (
				ECC52FA62C24B60C00961D1C /* ViewControllers */,
				ECC52F9A2C24AD6700961D1C /* Helpers */,
				ECC52F972C24AA1700961D1C /* Config */,
				ECC52F882C24A4F600961D1C /* Utils */,
				ECC52F872C24A49E00961D1C /* Extensions */,
				ECF0C6562C1F4FC90004D8B7 /* Managers */,
				ECF0C6452C1E44250004D8B7 /* Services */,
				ECF0C6442C1E44180004D8B7 /* ViewModels */,
				ECF0C6432C1E44120004D8B7 /* Views */,
				ECF0C6422C1E44060004D8B7 /* Models */,
				ECF0C6122C1DA4EB0004D8B7 /* AppDelegate.swift */,
				ECF0C6142C1DA4EB0004D8B7 /* SceneDelegate.swift */,
				ECF0C6162C1DA4EB0004D8B7 /* ViewController.swift */,
				ECF0C6182C1DA4EB0004D8B7 /* Main.storyboard */,
				ECF0C61B2C1DA4ED0004D8B7 /* Assets.xcassets */,
				ECF0C61D2C1DA4ED0004D8B7 /* LaunchScreen.storyboard */,
				ECF0C6202C1DA4ED0004D8B7 /* Info.plist */,
			);
			path = DVTWeatherApp;
			sourceTree = "<group>";
		};
		ECF0C6282C1DA4ED0004D8B7 /* DVTWeatherAppTests */ = {
			isa = PBXGroup;
			children = (
				ECF0C6292C1DA4ED0004D8B7 /* DVTWeatherAppTests.swift */,
			);
			path = DVTWeatherAppTests;
			sourceTree = "<group>";
		};
		ECF0C6322C1DA4ED0004D8B7 /* DVTWeatherAppUITests */ = {
			isa = PBXGroup;
			children = (
				ECF0C6332C1DA4ED0004D8B7 /* DVTWeatherAppUITests.swift */,
				ECF0C6352C1DA4ED0004D8B7 /* DVTWeatherAppUITestsLaunchTests.swift */,
			);
			path = DVTWeatherAppUITests;
			sourceTree = "<group>";
		};
		ECF0C6422C1E44060004D8B7 /* Models */ = {
			isa = PBXGroup;
			children = (
				ECC52F9C2C24AECF00961D1C /* DefaultResponseData.swift */,
				ECC52F9E2C24B00C00961D1C /* ResponseData.swift */,
				ECC52FA22C24B3F000961D1C /* AppError.swift */,
				ECC52FA42C24B46800961D1C /* DailyForecast.swift */,
			);
			path = Models;
			sourceTree = "<group>";
		};
		ECF0C6432C1E44120004D8B7 /* Views */ = {
			isa = PBXGroup;
			children = (
				ECC52F8F2C24A5A100961D1C /* Components */,
				ECF0C6502C1E52FE0004D8B7 /* WeatherView.swift */,
				ECC52F7D2C24A0E600961D1C /* CurrentWeatherView.swift */,
				ECC52F832C24A2CE00961D1C /* DailyForecastView.swift */,
				ECC52F8B2C24A54300961D1C /* HourlyForecastView.swift */,
				ECC52F8D2C24A57100961D1C /* IndicatorsView.swift */,
				ECC52F952C24A65C00961D1C /* SunriseView.swift */,
			);
			path = Views;
			sourceTree = "<group>";
		};
		ECF0C6442C1E44180004D8B7 /* ViewModels */ = {
			isa = PBXGroup;
			children = (
				ECF0C64E2C1E52B70004D8B7 /* WeatherViewModel.swift */,
			);
			path = ViewModels;
			sourceTree = "<group>";
		};
		ECF0C6452C1E44250004D8B7 /* Services */ = {
			isa = PBXGroup;
			children = (
				ECF0C6482C1E520E0004D8B7 /* WeatherService.swift */,
				ECC52F7B2C24A02000961D1C /* APIService.swift */,
			);
			path = Services;
			sourceTree = "<group>";
		};
		ECF0C6562C1F4FC90004D8B7 /* Managers */ = {
			isa = PBXGroup;
			children = (
				ECF0C6572C1F4FDD0004D8B7 /* LocationManager.swift */,
				ECC52F7F2C24A19200961D1C /* ColorSchemeManager.swift */,
			);
			path = Managers;
			sourceTree = "<group>";
		};
/* End PBXGroup section */

/* Begin PBXNativeTarget section */
		ECF0C60E2C1DA4EB0004D8B7 /* DVTWeatherApp */ = {
			isa = PBXNativeTarget;
			buildConfigurationList = ECF0C6392C1DA4ED0004D8B7 /* Build configuration list for PBXNativeTarget "DVTWeatherApp" */;
			buildPhases = (
				EB4DB6FAB5265608F22EF851 /* [CP] Check Pods Manifest.lock */,
				ECF0C60B2C1DA4EB0004D8B7 /* Sources */,
				ECF0C60C2C1DA4EB0004D8B7 /* Frameworks */,
				ECF0C60D2C1DA4EB0004D8B7 /* Resources */,
				A6887890B2CACFB0D4AEBB4E /* [CP] Embed Pods Frameworks */,
			);
			buildRules = (
			);
			dependencies = (
			);
			name = DVTWeatherApp;
			productName = DVTWeatherApp;
			productReference = ECF0C60F2C1DA4EB0004D8B7 /* DVTWeatherApp.app */;
			productType = "com.apple.product-type.application";
		};
		ECF0C6242C1DA4ED0004D8B7 /* DVTWeatherAppTests */ = {
			isa = PBXNativeTarget;
			buildConfigurationList = ECF0C63C2C1DA4ED0004D8B7 /* Build configuration list for PBXNativeTarget "DVTWeatherAppTests" */;
			buildPhases = (
				A336995EB4CF09747E10313D /* [CP] Check Pods Manifest.lock */,
				ECF0C6212C1DA4ED0004D8B7 /* Sources */,
				ECF0C6222C1DA4ED0004D8B7 /* Frameworks */,
				ECF0C6232C1DA4ED0004D8B7 /* Resources */,
			);
			buildRules = (
			);
			dependencies = (
				ECF0C6272C1DA4ED0004D8B7 /* PBXTargetDependency */,
			);
			name = DVTWeatherAppTests;
			productName = DVTWeatherAppTests;
			productReference = ECF0C6252C1DA4ED0004D8B7 /* DVTWeatherAppTests.xctest */;
			productType = "com.apple.product-type.bundle.unit-test";
		};
		ECF0C62E2C1DA4ED0004D8B7 /* DVTWeatherAppUITests */ = {
			isa = PBXNativeTarget;
			buildConfigurationList = ECF0C63F2C1DA4ED0004D8B7 /* Build configuration list for PBXNativeTarget "DVTWeatherAppUITests" */;
			buildPhases = (
				DFED3DAA8B4EE5196CC209FF /* [CP] Check Pods Manifest.lock */,
				ECF0C62B2C1DA4ED0004D8B7 /* Sources */,
				ECF0C62C2C1DA4ED0004D8B7 /* Frameworks */,
				ECF0C62D2C1DA4ED0004D8B7 /* Resources */,
				B67ED89007F038374AB0FD24 /* [CP] Embed Pods Frameworks */,
			);
			buildRules = (
			);
			dependencies = (
				ECF0C6312C1DA4ED0004D8B7 /* PBXTargetDependency */,
			);
			name = DVTWeatherAppUITests;
			productName = DVTWeatherAppUITests;
			productReference = ECF0C62F2C1DA4ED0004D8B7 /* DVTWeatherAppUITests.xctest */;
			productType = "com.apple.product-type.bundle.ui-testing";
		};
/* End PBXNativeTarget section */

/* Begin PBXProject section */
		ECF0C6072C1DA4EB0004D8B7 /* Project object */ = {
			isa = PBXProject;
			attributes = {
				BuildIndependentTargetsInParallel = 1;
				LastSwiftUpdateCheck = 1510;
				LastUpgradeCheck = 1510;
				TargetAttributes = {
					ECF0C60E2C1DA4EB0004D8B7 = {
						CreatedOnToolsVersion = 15.1;
					};
					ECF0C6242C1DA4ED0004D8B7 = {
						CreatedOnToolsVersion = 15.1;
						TestTargetID = ECF0C60E2C1DA4EB0004D8B7;
					};
					ECF0C62E2C1DA4ED0004D8B7 = {
						CreatedOnToolsVersion = 15.1;
						TestTargetID = ECF0C60E2C1DA4EB0004D8B7;
					};
				};
			};
			buildConfigurationList = ECF0C60A2C1DA4EB0004D8B7 /* Build configuration list for PBXProject "DVTWeatherApp" */;
			compatibilityVersion = "Xcode 14.0";
			developmentRegion = en;
			hasScannedForEncodings = 0;
			knownRegions = (
				en,
				Base,
			);
			mainGroup = ECF0C6062C1DA4EB0004D8B7;
			productRefGroup = ECF0C6102C1DA4EB0004D8B7 /* Products */;
			projectDirPath = "";
			projectRoot = "";
			targets = (
				ECF0C60E2C1DA4EB0004D8B7 /* DVTWeatherApp */,
				ECF0C6242C1DA4ED0004D8B7 /* DVTWeatherAppTests */,
				ECF0C62E2C1DA4ED0004D8B7 /* DVTWeatherAppUITests */,
			);
		};
/* End PBXProject section */

/* Begin PBXResourcesBuildPhase section */
		ECF0C60D2C1DA4EB0004D8B7 /* Resources */ = {
			isa = PBXResourcesBuildPhase;
			buildActionMask = 2147483647;
			files = (
				ECF0C61F2C1DA4ED0004D8B7 /* LaunchScreen.storyboard in Resources */,
				ECF0C61C2C1DA4ED0004D8B7 /* Assets.xcassets in Resources */,
				ECC52FA12C24B04A00961D1C /* DefaultResponseData.json in Resources */,
				ECF0C61A2C1DA4EB0004D8B7 /* Main.storyboard in Resources */,
			);
			runOnlyForDeploymentPostprocessing = 0;
		};
		ECF0C6232C1DA4ED0004D8B7 /* Resources */ = {
			isa = PBXResourcesBuildPhase;
			buildActionMask = 2147483647;
			files = (
			);
			runOnlyForDeploymentPostprocessing = 0;
		};
		ECF0C62D2C1DA4ED0004D8B7 /* Resources */ = {
			isa = PBXResourcesBuildPhase;
			buildActionMask = 2147483647;
			files = (
			);
			runOnlyForDeploymentPostprocessing = 0;
		};
/* End PBXResourcesBuildPhase section */

/* Begin PBXShellScriptBuildPhase section */
		A336995EB4CF09747E10313D /* [CP] Check Pods Manifest.lock */ = {
			isa = PBXShellScriptBuildPhase;
			buildActionMask = 2147483647;
			files = (
			);
			inputFileListPaths = (
			);
			inputPaths = (
				"${PODS_PODFILE_DIR_PATH}/Podfile.lock",
				"${PODS_ROOT}/Manifest.lock",
			);
			name = "[CP] Check Pods Manifest.lock";
			outputFileListPaths = (
			);
			outputPaths = (
				"$(DERIVED_FILE_DIR)/Pods-DVTWeatherAppTests-checkManifestLockResult.txt",
			);
			runOnlyForDeploymentPostprocessing = 0;
			shellPath = /bin/sh;
			shellScript = "diff \"${PODS_PODFILE_DIR_PATH}/Podfile.lock\" \"${PODS_ROOT}/Manifest.lock\" > /dev/null\nif [ $? != 0 ] ; then\n    # print error to STDERR\n    echo \"error: The sandbox is not in sync with the Podfile.lock. Run 'pod install' or update your CocoaPods installation.\" >&2\n    exit 1\nfi\n# This output is used by Xcode 'outputs' to avoid re-running this script phase.\necho \"SUCCESS\" > \"${SCRIPT_OUTPUT_FILE_0}\"\n";
			showEnvVarsInLog = 0;
		};
		A6887890B2CACFB0D4AEBB4E /* [CP] Embed Pods Frameworks */ = {
			isa = PBXShellScriptBuildPhase;
			buildActionMask = 2147483647;
			files = (
			);
			inputFileListPaths = (
				"${PODS_ROOT}/Target Support Files/Pods-DVTWeatherApp/Pods-DVTWeatherApp-frameworks-${CONFIGURATION}-input-files.xcfilelist",
			);
			name = "[CP] Embed Pods Frameworks";
			outputFileListPaths = (
				"${PODS_ROOT}/Target Support Files/Pods-DVTWeatherApp/Pods-DVTWeatherApp-frameworks-${CONFIGURATION}-output-files.xcfilelist",
			);
			runOnlyForDeploymentPostprocessing = 0;
			shellPath = /bin/sh;
			shellScript = "\"${PODS_ROOT}/Target Support Files/Pods-DVTWeatherApp/Pods-DVTWeatherApp-frameworks.sh\"\n";
			showEnvVarsInLog = 0;
		};
		B67ED89007F038374AB0FD24 /* [CP] Embed Pods Frameworks */ = {
			isa = PBXShellScriptBuildPhase;
			buildActionMask = 2147483647;
			files = (
			);
			inputFileListPaths = (
				"${PODS_ROOT}/Target Support Files/Pods-DVTWeatherApp-DVTWeatherAppUITests/Pods-DVTWeatherApp-DVTWeatherAppUITests-frameworks-${CONFIGURATION}-input-files.xcfilelist",
			);
			name = "[CP] Embed Pods Frameworks";
			outputFileListPaths = (
				"${PODS_ROOT}/Target Support Files/Pods-DVTWeatherApp-DVTWeatherAppUITests/Pods-DVTWeatherApp-DVTWeatherAppUITests-frameworks-${CONFIGURATION}-output-files.xcfilelist",
			);
			runOnlyForDeploymentPostprocessing = 0;
			shellPath = /bin/sh;
			shellScript = "\"${PODS_ROOT}/Target Support Files/Pods-DVTWeatherApp-DVTWeatherAppUITests/Pods-DVTWeatherApp-DVTWeatherAppUITests-frameworks.sh\"\n";
			showEnvVarsInLog = 0;
		};
		DFED3DAA8B4EE5196CC209FF /* [CP] Check Pods Manifest.lock */ = {
			isa = PBXShellScriptBuildPhase;
			buildActionMask = 2147483647;
			files = (
			);
			inputFileListPaths = (
			);
			inputPaths = (
				"${PODS_PODFILE_DIR_PATH}/Podfile.lock",
				"${PODS_ROOT}/Manifest.lock",
			);
			name = "[CP] Check Pods Manifest.lock";
			outputFileListPaths = (
			);
			outputPaths = (
				"$(DERIVED_FILE_DIR)/Pods-DVTWeatherApp-DVTWeatherAppUITests-checkManifestLockResult.txt",
			);
			runOnlyForDeploymentPostprocessing = 0;
			shellPath = /bin/sh;
			shellScript = "diff \"${PODS_PODFILE_DIR_PATH}/Podfile.lock\" \"${PODS_ROOT}/Manifest.lock\" > /dev/null\nif [ $? != 0 ] ; then\n    # print error to STDERR\n    echo \"error: The sandbox is not in sync with the Podfile.lock. Run 'pod install' or update your CocoaPods installation.\" >&2\n    exit 1\nfi\n# This output is used by Xcode 'outputs' to avoid re-running this script phase.\necho \"SUCCESS\" > \"${SCRIPT_OUTPUT_FILE_0}\"\n";
			showEnvVarsInLog = 0;
		};
		EB4DB6FAB5265608F22EF851 /* [CP] Check Pods Manifest.lock */ = {
			isa = PBXShellScriptBuildPhase;
			buildActionMask = 2147483647;
			files = (
			);
			inputFileListPaths = (
			);
			inputPaths = (
				"${PODS_PODFILE_DIR_PATH}/Podfile.lock",
				"${PODS_ROOT}/Manifest.lock",
			);
			name = "[CP] Check Pods Manifest.lock";
			outputFileListPaths = (
			);
			outputPaths = (
				"$(DERIVED_FILE_DIR)/Pods-DVTWeatherApp-checkManifestLockResult.txt",
			);
			runOnlyForDeploymentPostprocessing = 0;
			shellPath = /bin/sh;
			shellScript = "diff \"${PODS_PODFILE_DIR_PATH}/Podfile.lock\" \"${PODS_ROOT}/Manifest.lock\" > /dev/null\nif [ $? != 0 ] ; then\n    # print error to STDERR\n    echo \"error: The sandbox is not in sync with the Podfile.lock. Run 'pod install' or update your CocoaPods installation.\" >&2\n    exit 1\nfi\n# This output is used by Xcode 'outputs' to avoid re-running this script phase.\necho \"SUCCESS\" > \"${SCRIPT_OUTPUT_FILE_0}\"\n";
			showEnvVarsInLog = 0;
		};
/* End PBXShellScriptBuildPhase section */

/* Begin PBXSourcesBuildPhase section */
		ECF0C60B2C1DA4EB0004D8B7 /* Sources */ = {
			isa = PBXSourcesBuildPhase;
			buildActionMask = 2147483647;
			files = (
				ECC52F992C24AA2B00961D1C /* LoggingConfiguration.swift in Sources */,
				ECC52F862C24A46A00961D1C /* DoubleExtension.swift in Sources */,
				ECC52F8C2C24A54300961D1C /* HourlyForecastView.swift in Sources */,
				ECC52F802C24A19200961D1C /* ColorSchemeManager.swift in Sources */,
				ECC52F9F2C24B00C00961D1C /* ResponseData.swift in Sources */,
				ECC52F8A2C24A50000961D1C /* Formatters.swift in Sources */,
				ECC52F842C24A2CE00961D1C /* DailyForecastView.swift in Sources */,
				ECC52F962C24A65C00961D1C /* SunriseView.swift in Sources */,
				ECC52FA52C24B46800961D1C /* DailyForecast.swift in Sources */,
				ECF0C6492C1E520E0004D8B7 /* WeatherService.swift in Sources */,
				ECF0C6552C1E53DF0004D8B7 /* MainTabBarController.swift in Sources */,
				ECF0C6582C1F4FDD0004D8B7 /* LocationManager.swift in Sources */,
				ECF0C6512C1E52FE0004D8B7 /* WeatherView.swift in Sources */,
				ECF0C6172C1DA4EB0004D8B7 /* ViewController.swift in Sources */,
				ECC52FA32C24B3F000961D1C /* AppError.swift in Sources */,
				ECC52F9D2C24AECF00961D1C /* DefaultResponseData.swift in Sources */,
				ECF0C64F2C1E52B70004D8B7 /* WeatherViewModel.swift in Sources */,
				ECF0C6132C1DA4EB0004D8B7 /* AppDelegate.swift in Sources */,
				ECC52F7E2C24A0E600961D1C /* CurrentWeatherView.swift in Sources */,
				ECC52F8E2C24A57100961D1C /* IndicatorsView.swift in Sources */,
				ECF0C6152C1DA4EB0004D8B7 /* SceneDelegate.swift in Sources */,
				ECF0C6532C1E533E0004D8B7 /* WeatherViewController.swift in Sources */,
				ECC52F912C24A5AC00961D1C /* LoadingView.swift in Sources */,
				ECC52F7C2C24A02000961D1C /* APIService.swift in Sources */,
			);
			runOnlyForDeploymentPostprocessing = 0;
		};
		ECF0C6212C1DA4ED0004D8B7 /* Sources */ = {
			isa = PBXSourcesBuildPhase;
			buildActionMask = 2147483647;
			files = (
				ECF0C62A2C1DA4ED0004D8B7 /* DVTWeatherAppTests.swift in Sources */,
			);
			runOnlyForDeploymentPostprocessing = 0;
		};
		ECF0C62B2C1DA4ED0004D8B7 /* Sources */ = {
			isa = PBXSourcesBuildPhase;
			buildActionMask = 2147483647;
			files = (
				ECF0C6362C1DA4ED0004D8B7 /* DVTWeatherAppUITestsLaunchTests.swift in Sources */,
				ECF0C6342C1DA4ED0004D8B7 /* DVTWeatherAppUITests.swift in Sources */,
			);
			runOnlyForDeploymentPostprocessing = 0;
		};
/* End PBXSourcesBuildPhase section */

/* Begin PBXTargetDependency section */
		ECF0C6272C1DA4ED0004D8B7 /* PBXTargetDependency */ = {
			isa = PBXTargetDependency;
			target = ECF0C60E2C1DA4EB0004D8B7 /* DVTWeatherApp */;
			targetProxy = ECF0C6262C1DA4ED0004D8B7 /* PBXContainerItemProxy */;
		};
		ECF0C6312C1DA4ED0004D8B7 /* PBXTargetDependency */ = {
			isa = PBXTargetDependency;
			target = ECF0C60E2C1DA4EB0004D8B7 /* DVTWeatherApp */;
			targetProxy = ECF0C6302C1DA4ED0004D8B7 /* PBXContainerItemProxy */;
		};
/* End PBXTargetDependency section */

/* Begin PBXVariantGroup section */
		ECF0C6182C1DA4EB0004D8B7 /* Main.storyboard */ = {
			isa = PBXVariantGroup;
			children = (
				ECF0C6192C1DA4EB0004D8B7 /* Base */,
			);
			name = Main.storyboard;
			sourceTree = "<group>";
		};
		ECF0C61D2C1DA4ED0004D8B7 /* LaunchScreen.storyboard */ = {
			isa = PBXVariantGroup;
			children = (
				ECF0C61E2C1DA4ED0004D8B7 /* Base */,
			);
			name = LaunchScreen.storyboard;
			sourceTree = "<group>";
		};
/* End PBXVariantGroup section */

/* Begin XCBuildConfiguration section */
		ECF0C6372C1DA4ED0004D8B7 /* Debug */ = {
			isa = XCBuildConfiguration;
			buildSettings = {
				ALWAYS_SEARCH_USER_PATHS = NO;
				ASSETCATALOG_COMPILER_GENERATE_SWIFT_ASSET_SYMBOL_EXTENSIONS = YES;
				CLANG_ANALYZER_NONNULL = YES;
				CLANG_ANALYZER_NUMBER_OBJECT_CONVERSION = YES_AGGRESSIVE;
				CLANG_CXX_LANGUAGE_STANDARD = "gnu++20";
				CLANG_ENABLE_MODULES = YES;
				CLANG_ENABLE_OBJC_ARC = YES;
				CLANG_ENABLE_OBJC_WEAK = YES;
				CLANG_WARN_BLOCK_CAPTURE_AUTORELEASING = YES;
				CLANG_WARN_BOOL_CONVERSION = YES;
				CLANG_WARN_COMMA = YES;
				CLANG_WARN_CONSTANT_CONVERSION = YES;
				CLANG_WARN_DEPRECATED_OBJC_IMPLEMENTATIONS = YES;
				CLANG_WARN_DIRECT_OBJC_ISA_USAGE = YES_ERROR;
				CLANG_WARN_DOCUMENTATION_COMMENTS = YES;
				CLANG_WARN_EMPTY_BODY = YES;
				CLANG_WARN_ENUM_CONVERSION = YES;
				CLANG_WARN_INFINITE_RECURSION = YES;
				CLANG_WARN_INT_CONVERSION = YES;
				CLANG_WARN_NON_LITERAL_NULL_CONVERSION = YES;
				CLANG_WARN_OBJC_IMPLICIT_RETAIN_SELF = YES;
				CLANG_WARN_OBJC_LITERAL_CONVERSION = YES;
				CLANG_WARN_OBJC_ROOT_CLASS = YES_ERROR;
				CLANG_WARN_QUOTED_INCLUDE_IN_FRAMEWORK_HEADER = YES;
				CLANG_WARN_RANGE_LOOP_ANALYSIS = YES;
				CLANG_WARN_STRICT_PROTOTYPES = YES;
				CLANG_WARN_SUSPICIOUS_MOVE = YES;
				CLANG_WARN_UNGUARDED_AVAILABILITY = YES_AGGRESSIVE;
				CLANG_WARN_UNREACHABLE_CODE = YES;
				CLANG_WARN__DUPLICATE_METHOD_MATCH = YES;
				COPY_PHASE_STRIP = NO;
				DEBUG_INFORMATION_FORMAT = dwarf;
				ENABLE_STRICT_OBJC_MSGSEND = YES;
				ENABLE_TESTABILITY = YES;
				ENABLE_USER_SCRIPT_SANDBOXING = NO;
				GCC_C_LANGUAGE_STANDARD = gnu17;
				GCC_DYNAMIC_NO_PIC = NO;
				GCC_NO_COMMON_BLOCKS = YES;
				GCC_OPTIMIZATION_LEVEL = 0;
				GCC_PREPROCESSOR_DEFINITIONS = (
					"DEBUG=1",
					"$(inherited)",
				);
				GCC_WARN_64_TO_32_BIT_CONVERSION = YES;
				GCC_WARN_ABOUT_RETURN_TYPE = YES_ERROR;
				GCC_WARN_UNDECLARED_SELECTOR = YES;
				GCC_WARN_UNINITIALIZED_AUTOS = YES_AGGRESSIVE;
				GCC_WARN_UNUSED_FUNCTION = YES;
				GCC_WARN_UNUSED_VARIABLE = YES;
				IPHONEOS_DEPLOYMENT_TARGET = 17.2;
				LOCALIZATION_PREFERS_STRING_CATALOGS = YES;
				MTL_ENABLE_DEBUG_INFO = INCLUDE_SOURCE;
				MTL_FAST_MATH = YES;
				ONLY_ACTIVE_ARCH = YES;
				SDKROOT = iphoneos;
				SWIFT_ACTIVE_COMPILATION_CONDITIONS = "DEBUG $(inherited)";
				SWIFT_OPTIMIZATION_LEVEL = "-Onone";
			};
			name = Debug;
		};
		ECF0C6382C1DA4ED0004D8B7 /* Release */ = {
			isa = XCBuildConfiguration;
			buildSettings = {
				ALWAYS_SEARCH_USER_PATHS = NO;
				ASSETCATALOG_COMPILER_GENERATE_SWIFT_ASSET_SYMBOL_EXTENSIONS = YES;
				CLANG_ANALYZER_NONNULL = YES;
				CLANG_ANALYZER_NUMBER_OBJECT_CONVERSION = YES_AGGRESSIVE;
				CLANG_CXX_LANGUAGE_STANDARD = "gnu++20";
				CLANG_ENABLE_MODULES = YES;
				CLANG_ENABLE_OBJC_ARC = YES;
				CLANG_ENABLE_OBJC_WEAK = YES;
				CLANG_WARN_BLOCK_CAPTURE_AUTORELEASING = YES;
				CLANG_WARN_BOOL_CONVERSION = YES;
				CLANG_WARN_COMMA = YES;
				CLANG_WARN_CONSTANT_CONVERSION = YES;
				CLANG_WARN_DEPRECATED_OBJC_IMPLEMENTATIONS = YES;
				CLANG_WARN_DIRECT_OBJC_ISA_USAGE = YES_ERROR;
				CLANG_WARN_DOCUMENTATION_COMMENTS = YES;
				CLANG_WARN_EMPTY_BODY = YES;
				CLANG_WARN_ENUM_CONVERSION = YES;
				CLANG_WARN_INFINITE_RECURSION = YES;
				CLANG_WARN_INT_CONVERSION = YES;
				CLANG_WARN_NON_LITERAL_NULL_CONVERSION = YES;
				CLANG_WARN_OBJC_IMPLICIT_RETAIN_SELF = YES;
				CLANG_WARN_OBJC_LITERAL_CONVERSION = YES;
				CLANG_WARN_OBJC_ROOT_CLASS = YES_ERROR;
				CLANG_WARN_QUOTED_INCLUDE_IN_FRAMEWORK_HEADER = YES;
				CLANG_WARN_RANGE_LOOP_ANALYSIS = YES;
				CLANG_WARN_STRICT_PROTOTYPES = YES;
				CLANG_WARN_SUSPICIOUS_MOVE = YES;
				CLANG_WARN_UNGUARDED_AVAILABILITY = YES_AGGRESSIVE;
				CLANG_WARN_UNREACHABLE_CODE = YES;
				CLANG_WARN__DUPLICATE_METHOD_MATCH = YES;
				COPY_PHASE_STRIP = NO;
				DEBUG_INFORMATION_FORMAT = "dwarf-with-dsym";
				ENABLE_NS_ASSERTIONS = NO;
				ENABLE_STRICT_OBJC_MSGSEND = YES;
				ENABLE_USER_SCRIPT_SANDBOXING = NO;
				GCC_C_LANGUAGE_STANDARD = gnu17;
				GCC_NO_COMMON_BLOCKS = YES;
				GCC_WARN_64_TO_32_BIT_CONVERSION = YES;
				GCC_WARN_ABOUT_RETURN_TYPE = YES_ERROR;
				GCC_WARN_UNDECLARED_SELECTOR = YES;
				GCC_WARN_UNINITIALIZED_AUTOS = YES_AGGRESSIVE;
				GCC_WARN_UNUSED_FUNCTION = YES;
				GCC_WARN_UNUSED_VARIABLE = YES;
				IPHONEOS_DEPLOYMENT_TARGET = 17.2;
				LOCALIZATION_PREFERS_STRING_CATALOGS = YES;
				MTL_ENABLE_DEBUG_INFO = NO;
				MTL_FAST_MATH = YES;
				SDKROOT = iphoneos;
				SWIFT_COMPILATION_MODE = wholemodule;
				VALIDATE_PRODUCT = YES;
			};
			name = Release;
		};
		ECF0C63A2C1DA4ED0004D8B7 /* Debug */ = {
			isa = XCBuildConfiguration;
			baseConfigurationReference = E80EC3C5C33178C35E10BB04 /* Pods-DVTWeatherApp.debug.xcconfig */;
			buildSettings = {
				ASSETCATALOG_COMPILER_APPICON_NAME = AppIcon;
				ASSETCATALOG_COMPILER_GLOBAL_ACCENT_COLOR_NAME = AccentColor;
				CODE_SIGN_STYLE = Automatic;
				CURRENT_PROJECT_VERSION = 1;
				DEVELOPMENT_TEAM = HV72ND82KF;
				GENERATE_INFOPLIST_FILE = YES;
				INFOPLIST_FILE = DVTWeatherApp/Info.plist;
				INFOPLIST_KEY_NSLocationAlwaysUsageDescription = "We need your location to provide weather updates.";
				INFOPLIST_KEY_NSLocationWhenInUseUsageDescription = "We need your location to provide weather updates.";
				INFOPLIST_KEY_UIApplicationSupportsIndirectInputEvents = YES;
				INFOPLIST_KEY_UILaunchStoryboardName = LaunchScreen;
				INFOPLIST_KEY_UIMainStoryboardFile = Main;
				INFOPLIST_KEY_UISupportedInterfaceOrientations = UIInterfaceOrientationPortrait;
				INFOPLIST_KEY_UISupportedInterfaceOrientations_iPad = "UIInterfaceOrientationLandscapeLeft UIInterfaceOrientationLandscapeRight UIInterfaceOrientationPortrait";
				LD_RUNPATH_SEARCH_PATHS = (
					"$(inherited)",
					"@executable_path/Frameworks",
				);
				MARKETING_VERSION = 1.0;
				PRODUCT_BUNDLE_IDENTIFIER = DVT.DVTWeatherApp;
				PRODUCT_NAME = "$(TARGET_NAME)";
				SUPPORTED_PLATFORMS = "iphoneos iphonesimulator";
				SUPPORTS_MACCATALYST = NO;
				SUPPORTS_MAC_DESIGNED_FOR_IPHONE_IPAD = NO;
				SWIFT_EMIT_LOC_STRINGS = YES;
				SWIFT_VERSION = 5.0;
				TARGETED_DEVICE_FAMILY = 1;
			};
			name = Debug;
		};
		ECF0C63B2C1DA4ED0004D8B7 /* Release */ = {
			isa = XCBuildConfiguration;
			baseConfigurationReference = D646440502B368AB761986DC /* Pods-DVTWeatherApp.release.xcconfig */;
			buildSettings = {
				ASSETCATALOG_COMPILER_APPICON_NAME = AppIcon;
				ASSETCATALOG_COMPILER_GLOBAL_ACCENT_COLOR_NAME = AccentColor;
				CODE_SIGN_STYLE = Automatic;
				CURRENT_PROJECT_VERSION = 1;
				DEVELOPMENT_TEAM = HV72ND82KF;
				GENERATE_INFOPLIST_FILE = YES;
				INFOPLIST_FILE = DVTWeatherApp/Info.plist;
				INFOPLIST_KEY_NSLocationAlwaysUsageDescription = "We need your location to provide weather updates.";
				INFOPLIST_KEY_NSLocationWhenInUseUsageDescription = "We need your location to provide weather updates.";
				INFOPLIST_KEY_UIApplicationSupportsIndirectInputEvents = YES;
				INFOPLIST_KEY_UILaunchStoryboardName = LaunchScreen;
				INFOPLIST_KEY_UIMainStoryboardFile = Main;
				INFOPLIST_KEY_UISupportedInterfaceOrientations = UIInterfaceOrientationPortrait;
				INFOPLIST_KEY_UISupportedInterfaceOrientations_iPad = "UIInterfaceOrientationLandscapeLeft UIInterfaceOrientationLandscapeRight UIInterfaceOrientationPortrait";
				LD_RUNPATH_SEARCH_PATHS = (
					"$(inherited)",
					"@executable_path/Frameworks",
				);
				MARKETING_VERSION = 1.0;
				PRODUCT_BUNDLE_IDENTIFIER = DVT.DVTWeatherApp;
				PRODUCT_NAME = "$(TARGET_NAME)";
				SUPPORTED_PLATFORMS = "iphoneos iphonesimulator";
				SUPPORTS_MACCATALYST = NO;
				SUPPORTS_MAC_DESIGNED_FOR_IPHONE_IPAD = NO;
				SWIFT_EMIT_LOC_STRINGS = YES;
				SWIFT_VERSION = 5.0;
				TARGETED_DEVICE_FAMILY = 1;
			};
			name = Release;
		};
		ECF0C63D2C1DA4ED0004D8B7 /* Debug */ = {
			isa = XCBuildConfiguration;
			baseConfigurationReference = 859785552991D417E370A5BF /* Pods-DVTWeatherAppTests.debug.xcconfig */;
			buildSettings = {
				ALWAYS_EMBED_SWIFT_STANDARD_LIBRARIES = YES;
				BUNDLE_LOADER = "$(TEST_HOST)";
				CODE_SIGN_STYLE = Automatic;
				CURRENT_PROJECT_VERSION = 1;
				DEVELOPMENT_TEAM = HV72ND82KF;
				GENERATE_INFOPLIST_FILE = YES;
				IPHONEOS_DEPLOYMENT_TARGET = 17.2;
				MARKETING_VERSION = 1.0;
				PRODUCT_BUNDLE_IDENTIFIER = DVT.DVTWeatherAppTests;
				PRODUCT_NAME = "$(TARGET_NAME)";
				SWIFT_EMIT_LOC_STRINGS = NO;
				SWIFT_VERSION = 5.0;
				TARGETED_DEVICE_FAMILY = "1,2";
				TEST_HOST = "$(BUILT_PRODUCTS_DIR)/DVTWeatherApp.app/$(BUNDLE_EXECUTABLE_FOLDER_PATH)/DVTWeatherApp";
			};
			name = Debug;
		};
		ECF0C63E2C1DA4ED0004D8B7 /* Release */ = {
			isa = XCBuildConfiguration;
			baseConfigurationReference = 20F36089E87A0A4287CB01F8 /* Pods-DVTWeatherAppTests.release.xcconfig */;
			buildSettings = {
				ALWAYS_EMBED_SWIFT_STANDARD_LIBRARIES = YES;
				BUNDLE_LOADER = "$(TEST_HOST)";
				CODE_SIGN_STYLE = Automatic;
				CURRENT_PROJECT_VERSION = 1;
				DEVELOPMENT_TEAM = HV72ND82KF;
				GENERATE_INFOPLIST_FILE = YES;
				IPHONEOS_DEPLOYMENT_TARGET = 17.2;
				MARKETING_VERSION = 1.0;
				PRODUCT_BUNDLE_IDENTIFIER = DVT.DVTWeatherAppTests;
				PRODUCT_NAME = "$(TARGET_NAME)";
				SWIFT_EMIT_LOC_STRINGS = NO;
				SWIFT_VERSION = 5.0;
				TARGETED_DEVICE_FAMILY = "1,2";
				TEST_HOST = "$(BUILT_PRODUCTS_DIR)/DVTWeatherApp.app/$(BUNDLE_EXECUTABLE_FOLDER_PATH)/DVTWeatherApp";
			};
			name = Release;
		};
		ECF0C6402C1DA4ED0004D8B7 /* Debug */ = {
			isa = XCBuildConfiguration;
			baseConfigurationReference = 04FA01045DF38037B3BE9F10 /* Pods-DVTWeatherApp-DVTWeatherAppUITests.debug.xcconfig */;
			buildSettings = {
				ALWAYS_EMBED_SWIFT_STANDARD_LIBRARIES = YES;
				CODE_SIGN_STYLE = Automatic;
				CURRENT_PROJECT_VERSION = 1;
				DEVELOPMENT_TEAM = HV72ND82KF;
				GENERATE_INFOPLIST_FILE = YES;
				MARKETING_VERSION = 1.0;
				PRODUCT_BUNDLE_IDENTIFIER = DVT.DVTWeatherAppUITests;
				PRODUCT_NAME = "$(TARGET_NAME)";
				SWIFT_EMIT_LOC_STRINGS = NO;
				SWIFT_VERSION = 5.0;
				TARGETED_DEVICE_FAMILY = "1,2";
				TEST_TARGET_NAME = DVTWeatherApp;
			};
			name = Debug;
		};
		ECF0C6412C1DA4ED0004D8B7 /* Release */ = {
			isa = XCBuildConfiguration;
			baseConfigurationReference = E960F80A287C0817856AE037 /* Pods-DVTWeatherApp-DVTWeatherAppUITests.release.xcconfig */;
			buildSettings = {
				ALWAYS_EMBED_SWIFT_STANDARD_LIBRARIES = YES;
				CODE_SIGN_STYLE = Automatic;
				CURRENT_PROJECT_VERSION = 1;
				DEVELOPMENT_TEAM = HV72ND82KF;
				GENERATE_INFOPLIST_FILE = YES;
				MARKETING_VERSION = 1.0;
				PRODUCT_BUNDLE_IDENTIFIER = DVT.DVTWeatherAppUITests;
				PRODUCT_NAME = "$(TARGET_NAME)";
				SWIFT_EMIT_LOC_STRINGS = NO;
				SWIFT_VERSION = 5.0;
				TARGETED_DEVICE_FAMILY = "1,2";
				TEST_TARGET_NAME = DVTWeatherApp;
			};
			name = Release;
		};
/* End XCBuildConfiguration section */

/* Begin XCConfigurationList section */
		ECF0C60A2C1DA4EB0004D8B7 /* Build configuration list for PBXProject "DVTWeatherApp" */ = {
			isa = XCConfigurationList;
			buildConfigurations = (
				ECF0C6372C1DA4ED0004D8B7 /* Debug */,
				ECF0C6382C1DA4ED0004D8B7 /* Release */,
			);
			defaultConfigurationIsVisible = 0;
			defaultConfigurationName = Release;
		};
		ECF0C6392C1DA4ED0004D8B7 /* Build configuration list for PBXNativeTarget "DVTWeatherApp" */ = {
			isa = XCConfigurationList;
			buildConfigurations = (
				ECF0C63A2C1DA4ED0004D8B7 /* Debug */,
				ECF0C63B2C1DA4ED0004D8B7 /* Release */,
			);
			defaultConfigurationIsVisible = 0;
			defaultConfigurationName = Release;
		};
		ECF0C63C2C1DA4ED0004D8B7 /* Build configuration list for PBXNativeTarget "DVTWeatherAppTests" */ = {
			isa = XCConfigurationList;
			buildConfigurations = (
				ECF0C63D2C1DA4ED0004D8B7 /* Debug */,
				ECF0C63E2C1DA4ED0004D8B7 /* Release */,
			);
			defaultConfigurationIsVisible = 0;
			defaultConfigurationName = Release;
		};
		ECF0C63F2C1DA4ED0004D8B7 /* Build configuration list for PBXNativeTarget "DVTWeatherAppUITests" */ = {
			isa = XCConfigurationList;
			buildConfigurations = (
				ECF0C6402C1DA4ED0004D8B7 /* Debug */,
				ECF0C6412C1DA4ED0004D8B7 /* Release */,
			);
			defaultConfigurationIsVisible = 0;
			defaultConfigurationName = Release;
		};
/* End XCConfigurationList section */
	};
	rootObject = ECF0C6072C1DA4EB0004D8B7 /* Project object */;
}
